
Microsoft Visual Studio Solution File, Format Version 12.00
# Visual Studio Version 17
VisualStudioVersion = 17.13.35931.197 d17.13
MinimumVisualStudioVersion = 10.0.40219.1
Project("{FAE04EC0-301F-11D3-BF4B-00C04F79EFBC}") = "Library", "Library.csproj", "{A26C4BEB-96CF-4241-BB13-4DCCB5D78A0F}"
EndProject
Global
	GlobalSection(SolutionConfigurationPlatforms) = preSolution
		Debug|Any CPU = Debug|Any CPU
		Release|Any CPU = Release|Any CPU
	EndGlobalSection
	GlobalSection(ProjectConfigurationPlatforms) = postSolution
		{A26C4BEB-96CF-4241-BB13-4DCCB5D78A0F}.Debug|Any CPU.ActiveCfg = Debug|Any CPU
		{A26C4BEB-96CF-4241-BB13-4DCCB5D78A0F}.Debug|Any CPU.Build.0 = Debug|Any CPU
		{A26C4BEB-96CF-4241-BB13-4DCCB5D78A0F}.Release|Any CPU.ActiveCfg = Release|Any CPU
		{A26C4BEB-96CF-4241-BB13-4DCCB5D78A0F}.Release|Any CPU.Build.0 = Release|Any CPU
	EndGlobalSection
	GlobalSection(SolutionProperties) = preSolution
		HideSolutionNode = FALSE
	EndGlobalSection
	GlobalSection(ExtensibilityGlobals) = postSolution
		SolutionGuid = {2FB9CDA2-8D1E-4DE1-AF5B-788275C129D4}
	EndGlobalSection
EndGlobal
